PODS:
  - DynamicBlurView (4.1.0)
  - IQKeyboardManagerSwift (6.5.9)
  - klashapay (0.1.1):
    - IQKeyboardManagerSwift
    - lottie-ios
    - "MaterialComponents/TextControls+FilledTextFields"
    - "MaterialComponents/TextControls+OutlinedTextAreas"
    - "MaterialComponents/TextControls+OutlinedTextFields"
    - OTPFieldView
    - PopupDialog
    - RxCocoa
    - RxSwift
    - Swinject
    - SwinjectAutoregistration
  - lottie-ios (3.3.0)
  - MaterialComponents/AnimationTiming (124.2.0)
  - MaterialComponents/Availability (124.2.0)
  - MaterialComponents/private/Math (124.2.0)
  - "MaterialComponents/private/TextControlsPrivate+BaseStyle (124.2.0)":
    - MaterialComponents/AnimationTiming
    - MaterialComponents/private/Math
    - "MaterialComponents/private/TextControlsPrivate+Shared"
  - "MaterialComponents/private/TextControlsPrivate+FilledStyle (124.2.0)":
    - MaterialComponents/AnimationTiming
    - MaterialComponents/Availability
    - MaterialComponents/private/Math
    - "MaterialComponents/private/TextControlsPrivate+Shared"
    - "MaterialComponents/private/TextControlsPrivate+UnderlinedStyle"
  - "MaterialComponents/private/TextControlsPrivate+OutlinedStyle (124.2.0)":
    - MaterialComponents/AnimationTiming
    - MaterialComponents/Availability
    - MaterialComponents/private/Math
    - "MaterialComponents/private/TextControlsPrivate+Shared"
  - "MaterialComponents/private/TextControlsPrivate+Shared (124.2.0)":
    - MaterialComponents/AnimationTiming
    - MaterialComponents/private/Math
    - "MaterialComponents/TextControls+Enums"
  - "MaterialComponents/private/TextControlsPrivate+TextFields (124.2.0)":
    - MaterialComponents/private/Math
    - "MaterialComponents/private/TextControlsPrivate+Shared"
  - "MaterialComponents/private/TextControlsPrivate+UnderlinedStyle (124.2.0)":
    - MaterialComponents/AnimationTiming
    - MaterialComponents/Availability
    - MaterialComponents/private/Math
    - "MaterialComponents/private/TextControlsPrivate+Shared"
  - "MaterialComponents/TextControls+BaseTextAreas (124.2.0)":
    - "MaterialComponents/private/TextControlsPrivate+BaseStyle"
    - "MaterialComponents/private/TextControlsPrivate+Shared"
    - MDFInternationalization
  - "MaterialComponents/TextControls+BaseTextFields (124.2.0)":
    - "MaterialComponents/private/TextControlsPrivate+BaseStyle"
    - "MaterialComponents/private/TextControlsPrivate+Shared"
    - "MaterialComponents/private/TextControlsPrivate+TextFields"
    - MDFInternationalization
  - "MaterialComponents/TextControls+Enums (124.2.0)"
  - "MaterialComponents/TextControls+FilledTextFields (124.2.0)":
    - MaterialComponents/Availability
    - "MaterialComponents/private/TextControlsPrivate+FilledStyle"
    - "MaterialComponents/TextControls+BaseTextFields"
  - "MaterialComponents/TextControls+OutlinedTextAreas (124.2.0)":
    - MaterialComponents/Availability
    - "MaterialComponents/private/TextControlsPrivate+OutlinedStyle"
    - "MaterialComponents/TextControls+BaseTextAreas"
  - "MaterialComponents/TextControls+OutlinedTextFields (124.2.0)":
    - MaterialComponents/Availability
    - "MaterialComponents/private/TextControlsPrivate+OutlinedStyle"
    - "MaterialComponents/TextControls+BaseTextFields"
  - MDFInternationalization (3.0.0)
  - OTPFieldView (1.0.1)
  - PopupDialog (1.1.1):
    - DynamicBlurView (~> 4.0)
  - RxCocoa (6.2.0):
    - RxRelay (= 6.2.0)
    - RxSwift (= 6.2.0)
  - RxRelay (6.2.0):
    - RxSwift (= 6.2.0)
  - RxSwift (6.2.0)
  - Swinject (2.7.1)
  - SwinjectAutoregistration (2.8.1):
    - Swinject (= 2.7.1)

DEPENDENCIES:
  - klashapay

SPEC REPOS:
  trunk:
    - DynamicBlurView
    - IQKeyboardManagerSwift
    - klashapay
    - lottie-ios
    - MaterialComponents
    - MDFInternationalization
    - OTPFieldView
    - PopupDialog
    - RxCocoa
    - RxRelay
    - RxSwift
    - Swinject
    - SwinjectAutoregistration

SPEC CHECKSUMS:
  DynamicBlurView: 58e18fae80bb614e34681a4486870e7d257b62e8
  IQKeyboardManagerSwift: 6e839c575c4aa1078d58a596e41244e77abe918f
  klashapay: 295adf15112ac509b11f9bab1b23742a31d982e9
  lottie-ios: 6ac74dcc09904798f59b18cb3075c089d76be9ae
  MaterialComponents: 1a9b2d9d45b1601ae544de85089adc4c464306d4
  MDFInternationalization: d697c55307816222a55685c4ccb1044ffb030c12
  OTPFieldView: 700a752fe62c41d1c4914c78aa500fb30d97c255
  PopupDialog: 720c92befd8bc23c13442254945213db5612f149
  RxCocoa: 4baf94bb35f2c0ab31bc0cb9f1900155f646ba42
  RxRelay: e72dbfd157807478401ef1982e1c61c945c94b2f
  RxSwift: d356ab7bee873611322f134c5f9ef379fa183d8f
  Swinject: ddf78b8486dd9b71a667b852cad919ab4484478e
  SwinjectAutoregistration: e83e362da3ca9c64a68290e89efbc40e378dff12

PODFILE CHECKSUM: 505063804852348454940bb1420098a3b9582c87

COCOAPODS: 1.11.2
