// !$*UTF8*$!
{
	archiveVersion = 1;
	classes = {
	};
	objectVersion = 55;
	objects = {

/* Begin PBXBuildFile section */
		264A94D32A59F63A61E2FCF3 /* Pods_Klasha_Store_Klasha_StoreUITests.framework in Frameworks */ = {isa = PBXBuildFile; fileRef = FA564D87F678254DB20167FB /* Pods_Klasha_Store_Klasha_StoreUITests.framework */; };
		B494EECC27DE4FCC00BC35AB /* Config.swift in Sources */ = {isa = PBXBuildFile; fileRef = B494EECB27DE4FCC00BC35AB /* Config.swift */; };
		B4B78CC527DE072A0040877E /* ItemDetailsViewController.swift in Sources */ = {isa = PBXBuildFile; fileRef = B4B78CC427DE072A0040877E /* ItemDetailsViewController.swift */; };
		B4B78CC727DE073C0040877E /* PaymentOptionsViewController.swift in Sources */ = {isa = PBXBuildFile; fileRef = B4B78CC627DE073C0040877E /* PaymentOptionsViewController.swift */; };
		B4B78CC927DE07790040877E /* SuccessErrorViewController.swift in Sources */ = {isa = PBXBuildFile; fileRef = B4B78CC827DE07790040877E /* SuccessErrorViewController.swift */; };
		B4B78CCD27DE09400040877E /* R.generated.swift in Sources */ = {isa = PBXBuildFile; fileRef = B4B78CCC27DE09400040877E /* R.generated.swift */; };
		B4B78CCF27DE0DE90040877E /* Storyboardable.swift in Sources */ = {isa = PBXBuildFile; fileRef = B4B78CCE27DE0DE90040877E /* Storyboardable.swift */; };
		B4B78CD127DE0E3A0040877E /* AppCoordinator.swift in Sources */ = {isa = PBXBuildFile; fileRef = B4B78CD027DE0E3A0040877E /* AppCoordinator.swift */; };
		B4B78CD527DE0EEF0040877E /* UIViewController+Extension.swift in Sources */ = {isa = PBXBuildFile; fileRef = B4B78CD427DE0EEF0040877E /* UIViewController+Extension.swift */; };
		B4B78CD727DE0F2A0040877E /* Code+Extension.swift in Sources */ = {isa = PBXBuildFile; fileRef = B4B78CD627DE0F2A0040877E /* Code+Extension.swift */; };
		B4B78CD927DE106E0040877E /* AppConstants.swift in Sources */ = {isa = PBXBuildFile; fileRef = B4B78CD827DE106E0040877E /* AppConstants.swift */; };
		B4B78CDB27DE111B0040877E /* UIView+Extension.swift in Sources */ = {isa = PBXBuildFile; fileRef = B4B78CDA27DE111B0040877E /* UIView+Extension.swift */; };
		B4DB425027DBDEDA007453DA /* AppDelegate.swift in Sources */ = {isa = PBXBuildFile; fileRef = B4DB424F27DBDEDA007453DA /* AppDelegate.swift */; };
		B4DB425227DBDEDA007453DA /* SceneDelegate.swift in Sources */ = {isa = PBXBuildFile; fileRef = B4DB425127DBDEDA007453DA /* SceneDelegate.swift */; };
		B4DB425427DBDEDA007453DA /* HomeViewController.swift in Sources */ = {isa = PBXBuildFile; fileRef = B4DB425327DBDEDA007453DA /* HomeViewController.swift */; };
		B4DB425727DBDEDA007453DA /* Main.storyboard in Resources */ = {isa = PBXBuildFile; fileRef = B4DB425527DBDEDA007453DA /* Main.storyboard */; };
		B4DB425927DBDEDE007453DA /* Assets.xcassets in Resources */ = {isa = PBXBuildFile; fileRef = B4DB425827DBDEDE007453DA /* Assets.xcassets */; };
		B4DB425C27DBDEDE007453DA /* LaunchScreen.storyboard in Resources */ = {isa = PBXBuildFile; fileRef = B4DB425A27DBDEDE007453DA /* LaunchScreen.storyboard */; };
		B4DB426727DBDEDF007453DA /* Klasha_StoreTests.swift in Sources */ = {isa = PBXBuildFile; fileRef = B4DB426627DBDEDF007453DA /* Klasha_StoreTests.swift */; };
		B4DB427127DBDEDF007453DA /* Klasha_StoreUITests.swift in Sources */ = {isa = PBXBuildFile; fileRef = B4DB427027DBDEDF007453DA /* Klasha_StoreUITests.swift */; };
		B4DB427327DBDEDF007453DA /* Klasha_StoreUITestsLaunchTests.swift in Sources */ = {isa = PBXBuildFile; fileRef = B4DB427227DBDEDF007453DA /* Klasha_StoreUITestsLaunchTests.swift */; };
		C4E463A7F11F87FEE6CF401F /* Pods_Klasha_StoreTests.framework in Frameworks */ = {isa = PBXBuildFile; fileRef = 1CC8A6EAF6E53948EB4C74C1 /* Pods_Klasha_StoreTests.framework */; };
		D4C208DF58F7D34CB80D9BD5 /* Pods_Klasha_Store.framework in Frameworks */ = {isa = PBXBuildFile; fileRef = 0950515A1A496FC52536BDFA /* Pods_Klasha_Store.framework */; };
/* End PBXBuildFile section */

/* Begin PBXContainerItemProxy section */
		B4DB426327DBDEDF007453DA /* PBXContainerItemProxy */ = {
			isa = PBXContainerItemProxy;
			containerPortal = B4DB424427DBDEDA007453DA /* Project object */;
			proxyType = 1;
			remoteGlobalIDString = B4DB424B27DBDEDA007453DA;
			remoteInfo = "Klasha Store";
		};
		B4DB426D27DBDEDF007453DA /* PBXContainerItemProxy */ = {
			isa = PBXContainerItemProxy;
			containerPortal = B4DB424427DBDEDA007453DA /* Project object */;
			proxyType = 1;
			remoteGlobalIDString = B4DB424B27DBDEDA007453DA;
			remoteInfo = "Klasha Store";
		};
/* End PBXContainerItemProxy section */

/* Begin PBXFileReference section */
		0950515A1A496FC52536BDFA /* Pods_Klasha_Store.framework */ = {isa = PBXFileReference; explicitFileType = wrapper.framework; includeInIndex = 0; path = Pods_Klasha_Store.framework; sourceTree = BUILT_PRODUCTS_DIR; };
		0AB22826C8471391C2A989A3 /* Pods-Klasha Store.dev.xcconfig */ = {isa = PBXFileReference; includeInIndex = 1; lastKnownFileType = text.xcconfig; name = "Pods-Klasha Store.dev.xcconfig"; path = "Target Support Files/Pods-Klasha Store/Pods-Klasha Store.dev.xcconfig"; sourceTree = "<group>"; };
		1CC8A6EAF6E53948EB4C74C1 /* Pods_Klasha_StoreTests.framework */ = {isa = PBXFileReference; explicitFileType = wrapper.framework; includeInIndex = 0; path = Pods_Klasha_StoreTests.framework; sourceTree = BUILT_PRODUCTS_DIR; };
		7BBD0922BABBF66D07C8018C /* Pods-Klasha StoreTests.dev.xcconfig */ = {isa = PBXFileReference; includeInIndex = 1; lastKnownFileType = text.xcconfig; name = "Pods-Klasha StoreTests.dev.xcconfig"; path = "Target Support Files/Pods-Klasha StoreTests/Pods-Klasha StoreTests.dev.xcconfig"; sourceTree = "<group>"; };
		8A5BDF2E5842B00A4626B341 /* Pods-Klasha StoreTests.release.xcconfig */ = {isa = PBXFileReference; includeInIndex = 1; lastKnownFileType = text.xcconfig; name = "Pods-Klasha StoreTests.release.xcconfig"; path = "Target Support Files/Pods-Klasha StoreTests/Pods-Klasha StoreTests.release.xcconfig"; sourceTree = "<group>"; };
		996D24BDA40E3399719076DA /* Pods-Klasha Store-Klasha StoreUITests.release.xcconfig */ = {isa = PBXFileReference; includeInIndex = 1; lastKnownFileType = text.xcconfig; name = "Pods-Klasha Store-Klasha StoreUITests.release.xcconfig"; path = "Target Support Files/Pods-Klasha Store-Klasha StoreUITests/Pods-Klasha Store-Klasha StoreUITests.release.xcconfig"; sourceTree = "<group>"; };
		AD49AFD53DF6A4E86264606F /* Pods-Klasha Store-Klasha StoreUITests.dev.xcconfig */ = {isa = PBXFileReference; includeInIndex = 1; lastKnownFileType = text.xcconfig; name = "Pods-Klasha Store-Klasha StoreUITests.dev.xcconfig"; path = "Target Support Files/Pods-Klasha Store-Klasha StoreUITests/Pods-Klasha Store-Klasha StoreUITests.dev.xcconfig"; sourceTree = "<group>"; };
		B494EEC927DE4E6600BC35AB /* DEV.xcconfig */ = {isa = PBXFileReference; lastKnownFileType = text.xcconfig; path = DEV.xcconfig; sourceTree = "<group>"; };
		B494EECB27DE4FCC00BC35AB /* Config.swift */ = {isa = PBXFileReference; lastKnownFileType = sourcecode.swift; path = Config.swift; sourceTree = "<group>"; };
		B4B78CC427DE072A0040877E /* ItemDetailsViewController.swift */ = {isa = PBXFileReference; lastKnownFileType = sourcecode.swift; path = ItemDetailsViewController.swift; sourceTree = "<group>"; };
		B4B78CC627DE073C0040877E /* PaymentOptionsViewController.swift */ = {isa = PBXFileReference; lastKnownFileType = sourcecode.swift; path = PaymentOptionsViewController.swift; sourceTree = "<group>"; };
		B4B78CC827DE07790040877E /* SuccessErrorViewController.swift */ = {isa = PBXFileReference; lastKnownFileType = sourcecode.swift; path = SuccessErrorViewController.swift; sourceTree = "<group>"; };
		B4B78CCC27DE09400040877E /* R.generated.swift */ = {isa = PBXFileReference; fileEncoding = 4; lastKnownFileType = sourcecode.swift; path = R.generated.swift; sourceTree = "<group>"; };
		B4B78CCE27DE0DE90040877E /* Storyboardable.swift */ = {isa = PBXFileReference; lastKnownFileType = sourcecode.swift; path = Storyboardable.swift; sourceTree = "<group>"; };
		B4B78CD027DE0E3A0040877E /* AppCoordinator.swift */ = {isa = PBXFileReference; lastKnownFileType = sourcecode.swift; path = AppCoordinator.swift; sourceTree = "<group>"; };
		B4B78CD427DE0EEF0040877E /* UIViewController+Extension.swift */ = {isa = PBXFileReference; lastKnownFileType = sourcecode.swift; path = "UIViewController+Extension.swift"; sourceTree = "<group>"; };
		B4B78CD627DE0F2A0040877E /* Code+Extension.swift */ = {isa = PBXFileReference; lastKnownFileType = sourcecode.swift; path = "Code+Extension.swift"; sourceTree = "<group>"; };
		B4B78CD827DE106E0040877E /* AppConstants.swift */ = {isa = PBXFileReference; lastKnownFileType = sourcecode.swift; path = AppConstants.swift; sourceTree = "<group>"; };
		B4B78CDA27DE111B0040877E /* UIView+Extension.swift */ = {isa = PBXFileReference; lastKnownFileType = sourcecode.swift; path = "UIView+Extension.swift"; sourceTree = "<group>"; };
		B4DB424C27DBDEDA007453DA /* Klasha Store.app */ = {isa = PBXFileReference; explicitFileType = wrapper.application; includeInIndex = 0; path = "Klasha Store.app"; sourceTree = BUILT_PRODUCTS_DIR; };
		B4DB424F27DBDEDA007453DA /* AppDelegate.swift */ = {isa = PBXFileReference; lastKnownFileType = sourcecode.swift; path = AppDelegate.swift; sourceTree = "<group>"; };
		B4DB425127DBDEDA007453DA /* SceneDelegate.swift */ = {isa = PBXFileReference; lastKnownFileType = sourcecode.swift; path = SceneDelegate.swift; sourceTree = "<group>"; };
		B4DB425327DBDEDA007453DA /* HomeViewController.swift */ = {isa = PBXFileReference; lastKnownFileType = sourcecode.swift; path = HomeViewController.swift; sourceTree = "<group>"; };
		B4DB425627DBDEDA007453DA /* Base */ = {isa = PBXFileReference; lastKnownFileType = file.storyboard; name = Base; path = Base.lproj/Main.storyboard; sourceTree = "<group>"; };
		B4DB425827DBDEDE007453DA /* Assets.xcassets */ = {isa = PBXFileReference; lastKnownFileType = folder.assetcatalog; path = Assets.xcassets; sourceTree = "<group>"; };
		B4DB425B27DBDEDE007453DA /* Base */ = {isa = PBXFileReference; lastKnownFileType = file.storyboard; name = Base; path = Base.lproj/LaunchScreen.storyboard; sourceTree = "<group>"; };
		B4DB425D27DBDEDE007453DA /* Info.plist */ = {isa = PBXFileReference; lastKnownFileType = text.plist.xml; path = Info.plist; sourceTree = "<group>"; };
		B4DB426227DBDEDF007453DA /* Klasha StoreTests.xctest */ = {isa = PBXFileReference; explicitFileType = wrapper.cfbundle; includeInIndex = 0; path = "Klasha StoreTests.xctest"; sourceTree = BUILT_PRODUCTS_DIR; };
		B4DB426627DBDEDF007453DA /* Klasha_StoreTests.swift */ = {isa = PBXFileReference; lastKnownFileType = sourcecode.swift; path = Klasha_StoreTests.swift; sourceTree = "<group>"; };
		B4DB426C27DBDEDF007453DA /* Klasha StoreUITests.xctest */ = {isa = PBXFileReference; explicitFileType = wrapper.cfbundle; includeInIndex = 0; path = "Klasha StoreUITests.xctest"; sourceTree = BUILT_PRODUCTS_DIR; };
		B4DB427027DBDEDF007453DA /* Klasha_StoreUITests.swift */ = {isa = PBXFileReference; lastKnownFileType = sourcecode.swift; path = Klasha_StoreUITests.swift; sourceTree = "<group>"; };
		B4DB427227DBDEDF007453DA /* Klasha_StoreUITestsLaunchTests.swift */ = {isa = PBXFileReference; lastKnownFileType = sourcecode.swift; path = Klasha_StoreUITestsLaunchTests.swift; sourceTree = "<group>"; };
		D7F825E67C1617B2DE9E4DD1 /* Pods-Klasha Store.release.xcconfig */ = {isa = PBXFileReference; includeInIndex = 1; lastKnownFileType = text.xcconfig; name = "Pods-Klasha Store.release.xcconfig"; path = "Target Support Files/Pods-Klasha Store/Pods-Klasha Store.release.xcconfig"; sourceTree = "<group>"; };
		FA564D87F678254DB20167FB /* Pods_Klasha_Store_Klasha_StoreUITests.framework */ = {isa = PBXFileReference; explicitFileType = wrapper.framework; includeInIndex = 0; path = Pods_Klasha_Store_Klasha_StoreUITests.framework; sourceTree = BUILT_PRODUCTS_DIR; };
/* End PBXFileReference section */

/* Begin PBXFrameworksBuildPhase section */
		B4DB424927DBDEDA007453DA /* Frameworks */ = {
			isa = PBXFrameworksBuildPhase;
			buildActionMask = 2147483647;
			files = (
				D4C208DF58F7D34CB80D9BD5 /* Pods_Klasha_Store.framework in Frameworks */,
			);
			runOnlyForDeploymentPostprocessing = 0;
		};
		B4DB425F27DBDEDF007453DA /* Frameworks */ = {
			isa = PBXFrameworksBuildPhase;
			buildActionMask = 2147483647;
			files = (
				C4E463A7F11F87FEE6CF401F /* Pods_Klasha_StoreTests.framework in Frameworks */,
			);
			runOnlyForDeploymentPostprocessing = 0;
		};
		B4DB426927DBDEDF007453DA /* Frameworks */ = {
			isa = PBXFrameworksBuildPhase;
			buildActionMask = 2147483647;
			files = (
				264A94D32A59F63A61E2FCF3 /* Pods_Klasha_Store_Klasha_StoreUITests.framework in Frameworks */,
			);
			runOnlyForDeploymentPostprocessing = 0;
		};
/* End PBXFrameworksBuildPhase section */

/* Begin PBXGroup section */
		36BBF7C8C0F49D8B7493E4F1 /* Frameworks */ = {
			isa = PBXGroup;
			children = (
				0950515A1A496FC52536BDFA /* Pods_Klasha_Store.framework */,
				FA564D87F678254DB20167FB /* Pods_Klasha_Store_Klasha_StoreUITests.framework */,
				1CC8A6EAF6E53948EB4C74C1 /* Pods_Klasha_StoreTests.framework */,
			);
			name = Frameworks;
			sourceTree = "<group>";
		};
		B4B78CD227DE0EAD0040877E /* Coordinator */ = {
			isa = PBXGroup;
			children = (
				B4B78CD027DE0E3A0040877E /* AppCoordinator.swift */,
			);
			path = Coordinator;
			sourceTree = "<group>";
		};
		B4B78CD327DE0EB90040877E /* Protocols */ = {
			isa = PBXGroup;
			children = (
				B4B78CCE27DE0DE90040877E /* Storyboardable.swift */,
			);
			path = Protocols;
			sourceTree = "<group>";
		};
		B4DB424327DBDEDA007453DA = {
			isa = PBXGroup;
			children = (
				B494EEC927DE4E6600BC35AB /* DEV.xcconfig */,
				B4B78CCC27DE09400040877E /* R.generated.swift */,
				B4DB424E27DBDEDA007453DA /* Klasha Store */,
				B4DB426527DBDEDF007453DA /* Klasha StoreTests */,
				B4DB426F27DBDEDF007453DA /* Klasha StoreUITests */,
				B4DB424D27DBDEDA007453DA /* Products */,
				F67CC3B9CCBEEF3D031CCFFD /* Pods */,
				36BBF7C8C0F49D8B7493E4F1 /* Frameworks */,
			);
			sourceTree = "<group>";
		};
		B4DB424D27DBDEDA007453DA /* Products */ = {
			isa = PBXGroup;
			children = (
				B4DB424C27DBDEDA007453DA /* Klasha Store.app */,
				B4DB426227DBDEDF007453DA /* Klasha StoreTests.xctest */,
				B4DB426C27DBDEDF007453DA /* Klasha StoreUITests.xctest */,
			);
			name = Products;
			sourceTree = "<group>";
		};
		B4DB424E27DBDEDA007453DA /* Klasha Store */ = {
			isa = PBXGroup;
			children = (
				B4DB427F27DBDEFC007453DA /* Application */,
				B4B78CD327DE0EB90040877E /* Protocols */,
				B4B78CD227DE0EAD0040877E /* Coordinator */,
				B4DB428327DDE233007453DA /* Features */,
				B4DB428E27DDE978007453DA /* Helpers + Extensions */,
				B4DB428227DBDF33007453DA /* Resources */,
				B4DB428027DBDF1F007453DA /* LaunchScreen */,
			);
			path = "Klasha Store";
			sourceTree = "<group>";
		};
		B4DB426527DBDEDF007453DA /* Klasha StoreTests */ = {
			isa = PBXGroup;
			children = (
				B4DB426627DBDEDF007453DA /* Klasha_StoreTests.swift */,
			);
			path = "Klasha StoreTests";
			sourceTree = "<group>";
		};
		B4DB426F27DBDEDF007453DA /* Klasha StoreUITests */ = {
			isa = PBXGroup;
			children = (
				B4DB427027DBDEDF007453DA /* Klasha_StoreUITests.swift */,
				B4DB427227DBDEDF007453DA /* Klasha_StoreUITestsLaunchTests.swift */,
			);
			path = "Klasha StoreUITests";
			sourceTree = "<group>";
		};
		B4DB427F27DBDEFC007453DA /* Application */ = {
			isa = PBXGroup;
			children = (
				B4DB424F27DBDEDA007453DA /* AppDelegate.swift */,
				B4DB425127DBDEDA007453DA /* SceneDelegate.swift */,
			);
			path = Application;
			sourceTree = "<group>";
		};
		B4DB428027DBDF1F007453DA /* LaunchScreen */ = {
			isa = PBXGroup;
			children = (
				B4DB425A27DBDEDE007453DA /* LaunchScreen.storyboard */,
			);
			path = LaunchScreen;
			sourceTree = "<group>";
		};
		B4DB428227DBDF33007453DA /* Resources */ = {
			isa = PBXGroup;
			children = (
				B4DB425D27DBDEDE007453DA /* Info.plist */,
				B4DB425827DBDEDE007453DA /* Assets.xcassets */,
			);
			path = Resources;
			sourceTree = "<group>";
		};
		B4DB428327DDE233007453DA /* Features */ = {
			isa = PBXGroup;
			children = (
				B4DB428527DDE24B007453DA /* Views */,
				B4DB428627DDE263007453DA /* Storyboard */,
			);
			path = Features;
			sourceTree = "<group>";
		};
		B4DB428527DDE24B007453DA /* Views */ = {
			isa = PBXGroup;
			children = (
				B4DB425327DBDEDA007453DA /* HomeViewController.swift */,
				B4B78CC427DE072A0040877E /* ItemDetailsViewController.swift */,
				B4B78CC627DE073C0040877E /* PaymentOptionsViewController.swift */,
				B4B78CC827DE07790040877E /* SuccessErrorViewController.swift */,
			);
			path = Views;
			sourceTree = "<group>";
		};
		B4DB428627DDE263007453DA /* Storyboard */ = {
			isa = PBXGroup;
			children = (
				B4DB425527DBDEDA007453DA /* Main.storyboard */,
			);
			path = Storyboard;
			sourceTree = "<group>";
		};
		B4DB428E27DDE978007453DA /* Helpers + Extensions */ = {
			isa = PBXGroup;
			children = (
				B4B78CD827DE106E0040877E /* AppConstants.swift */,
				B4B78CD627DE0F2A0040877E /* Code+Extension.swift */,
				B4B78CD427DE0EEF0040877E /* UIViewController+Extension.swift */,
				B4B78CDA27DE111B0040877E /* UIView+Extension.swift */,
				B494EECB27DE4FCC00BC35AB /* Config.swift */,
			);
			path = "Helpers + Extensions";
			sourceTree = "<group>";
		};
		F67CC3B9CCBEEF3D031CCFFD /* Pods */ = {
			isa = PBXGroup;
			children = (
				0AB22826C8471391C2A989A3 /* Pods-Klasha Store.dev.xcconfig */,
				D7F825E67C1617B2DE9E4DD1 /* Pods-Klasha Store.release.xcconfig */,
				AD49AFD53DF6A4E86264606F /* Pods-Klasha Store-Klasha StoreUITests.dev.xcconfig */,
				996D24BDA40E3399719076DA /* Pods-Klasha Store-Klasha StoreUITests.release.xcconfig */,
				7BBD0922BABBF66D07C8018C /* Pods-Klasha StoreTests.dev.xcconfig */,
				8A5BDF2E5842B00A4626B341 /* Pods-Klasha StoreTests.release.xcconfig */,
			);
			path = Pods;
			sourceTree = "<group>";
		};
/* End PBXGroup section */

/* Begin PBXNativeTarget section */
		B4DB424B27DBDEDA007453DA /* Klasha Store */ = {
			isa = PBXNativeTarget;
			buildConfigurationList = B4DB427627DBDEDF007453DA /* Build configuration list for PBXNativeTarget "Klasha Store" */;
			buildPhases = (
				765A729BECBE64B1F9A04B3A /* [CP] Check Pods Manifest.lock */,
				B4B78CCB27DE08940040877E /* RSwift + Runscript */,
				B4DB424827DBDEDA007453DA /* Sources */,
				B4DB424927DBDEDA007453DA /* Frameworks */,
				B4DB424A27DBDEDA007453DA /* Resources */,
				0DB924D9DB5974FFE69F5C9C /* [CP] Embed Pods Frameworks */,
			);
			buildRules = (
			);
			dependencies = (
			);
			name = "Klasha Store";
			productName = "Klasha Store";
			productReference = B4DB424C27DBDEDA007453DA /* Klasha Store.app */;
			productType = "com.apple.product-type.application";
		};
		B4DB426127DBDEDF007453DA /* Klasha StoreTests */ = {
			isa = PBXNativeTarget;
			buildConfigurationList = B4DB427927DBDEDF007453DA /* Build configuration list for PBXNativeTarget "Klasha StoreTests" */;
			buildPhases = (
				699DEAECF86B73E9C56773D9 /* [CP] Check Pods Manifest.lock */,
				B4DB425E27DBDEDF007453DA /* Sources */,
				B4DB425F27DBDEDF007453DA /* Frameworks */,
				B4DB426027DBDEDF007453DA /* Resources */,
			);
			buildRules = (
			);
			dependencies = (
				B4DB426427DBDEDF007453DA /* PBXTargetDependency */,
			);
			name = "Klasha StoreTests";
			productName = "Klasha StoreTests";
			productReference = B4DB426227DBDEDF007453DA /* Klasha StoreTests.xctest */;
			productType = "com.apple.product-type.bundle.unit-test";
		};
		B4DB426B27DBDEDF007453DA /* Klasha StoreUITests */ = {
			isa = PBXNativeTarget;
			buildConfigurationList = B4DB427C27DBDEDF007453DA /* Build configuration list for PBXNativeTarget "Klasha StoreUITests" */;
			buildPhases = (
				4E627FC9AF1A60F896E178E1 /* [CP] Check Pods Manifest.lock */,
				B4DB426827DBDEDF007453DA /* Sources */,
				B4DB426927DBDEDF007453DA /* Frameworks */,
				B4DB426A27DBDEDF007453DA /* Resources */,
				95EBB658EE91B183890E803F /* [CP] Embed Pods Frameworks */,
			);
			buildRules = (
			);
			dependencies = (
				B4DB426E27DBDEDF007453DA /* PBXTargetDependency */,
			);
			name = "Klasha StoreUITests";
			productName = "Klasha StoreUITests";
			productReference = B4DB426C27DBDEDF007453DA /* Klasha StoreUITests.xctest */;
			productType = "com.apple.product-type.bundle.ui-testing";
		};
/* End PBXNativeTarget section */

/* Begin PBXProject section */
		B4DB424427DBDEDA007453DA /* Project object */ = {
			isa = PBXProject;
			attributes = {
				BuildIndependentTargetsInParallel = 1;
				LastSwiftUpdateCheck = 1320;
				LastUpgradeCheck = 1320;
				TargetAttributes = {
					B4DB424B27DBDEDA007453DA = {
						CreatedOnToolsVersion = 13.2.1;
					};
					B4DB426127DBDEDF007453DA = {
						CreatedOnToolsVersion = 13.2.1;
						TestTargetID = B4DB424B27DBDEDA007453DA;
					};
					B4DB426B27DBDEDF007453DA = {
						CreatedOnToolsVersion = 13.2.1;
						TestTargetID = B4DB424B27DBDEDA007453DA;
					};
				};
			};
			buildConfigurationList = B4DB424727DBDEDA007453DA /* Build configuration list for PBXProject "Klasha Store" */;
			compatibilityVersion = "Xcode 13.0";
			developmentRegion = en;
			hasScannedForEncodings = 0;
			knownRegions = (
				en,
				Base,
			);
			mainGroup = B4DB424327DBDEDA007453DA;
			productRefGroup = B4DB424D27DBDEDA007453DA /* Products */;
			projectDirPath = "";
			projectRoot = "";
			targets = (
				B4DB424B27DBDEDA007453DA /* Klasha Store */,
				B4DB426127DBDEDF007453DA /* Klasha StoreTests */,
				B4DB426B27DBDEDF007453DA /* Klasha StoreUITests */,
			);
		};
/* End PBXProject section */

/* Begin PBXResourcesBuildPhase section */
		B4DB424A27DBDEDA007453DA /* Resources */ = {
			isa = PBXResourcesBuildPhase;
			buildActionMask = 2147483647;
			files = (
				B4DB425C27DBDEDE007453DA /* LaunchScreen.storyboard in Resources */,
				B4DB425927DBDEDE007453DA /* Assets.xcassets in Resources */,
				B4DB425727DBDEDA007453DA /* Main.storyboard in Resources */,
			);
			runOnlyForDeploymentPostprocessing = 0;
		};
		B4DB426027DBDEDF007453DA /* Resources */ = {
			isa = PBXResourcesBuildPhase;
			buildActionMask = 2147483647;
			files = (
			);
			runOnlyForDeploymentPostprocessing = 0;
		};
		B4DB426A27DBDEDF007453DA /* Resources */ = {
			isa = PBXResourcesBuildPhase;
			buildActionMask = 2147483647;
			files = (
			);
			runOnlyForDeploymentPostprocessing = 0;
		};
/* End PBXResourcesBuildPhase section */

/* Begin PBXShellScriptBuildPhase section */
		0DB924D9DB5974FFE69F5C9C /* [CP] Embed Pods Frameworks */ = {
			isa = PBXShellScriptBuildPhase;
			buildActionMask = 2147483647;
			files = (
			);
			inputFileListPaths = (
				"${PODS_ROOT}/Target Support Files/Pods-Klasha Store/Pods-Klasha Store-frameworks-${CONFIGURATION}-input-files.xcfilelist",
			);
			name = "[CP] Embed Pods Frameworks";
			outputFileListPaths = (
				"${PODS_ROOT}/Target Support Files/Pods-Klasha Store/Pods-Klasha Store-frameworks-${CONFIGURATION}-output-files.xcfilelist",
			);
			runOnlyForDeploymentPostprocessing = 0;
			shellPath = /bin/sh;
			shellScript = "\"${PODS_ROOT}/Target Support Files/Pods-Klasha Store/Pods-Klasha Store-frameworks.sh\"\n";
			showEnvVarsInLog = 0;
		};
		4E627FC9AF1A60F896E178E1 /* [CP] Check Pods Manifest.lock */ = {
			isa = PBXShellScriptBuildPhase;
			buildActionMask = 2147483647;
			files = (
			);
			inputFileListPaths = (
			);
			inputPaths = (
				"${PODS_PODFILE_DIR_PATH}/Podfile.lock",
				"${PODS_ROOT}/Manifest.lock",
			);
			name = "[CP] Check Pods Manifest.lock";
			outputFileListPaths = (
			);
			outputPaths = (
				"$(DERIVED_FILE_DIR)/Pods-Klasha Store-Klasha StoreUITests-checkManifestLockResult.txt",
			);
			runOnlyForDeploymentPostprocessing = 0;
			shellPath = /bin/sh;
			shellScript = "diff \"${PODS_PODFILE_DIR_PATH}/Podfile.lock\" \"${PODS_ROOT}/Manifest.lock\" > /dev/null\nif [ $? != 0 ] ; then\n    # print error to STDERR\n    echo \"error: The sandbox is not in sync with the Podfile.lock. Run 'pod install' or update your CocoaPods installation.\" >&2\n    exit 1\nfi\n# This output is used by Xcode 'outputs' to avoid re-running this script phase.\necho \"SUCCESS\" > \"${SCRIPT_OUTPUT_FILE_0}\"\n";
			showEnvVarsInLog = 0;
		};
		699DEAECF86B73E9C56773D9 /* [CP] Check Pods Manifest.lock */ = {
			isa = PBXShellScriptBuildPhase;
			buildActionMask = 2147483647;
			files = (
			);
			inputFileListPaths = (
			);
			inputPaths = (
				"${PODS_PODFILE_DIR_PATH}/Podfile.lock",
				"${PODS_ROOT}/Manifest.lock",
			);
			name = "[CP] Check Pods Manifest.lock";
			outputFileListPaths = (
			);
			outputPaths = (
				"$(DERIVED_FILE_DIR)/Pods-Klasha StoreTests-checkManifestLockResult.txt",
			);
			runOnlyForDeploymentPostprocessing = 0;
			shellPath = /bin/sh;
			shellScript = "diff \"${PODS_PODFILE_DIR_PATH}/Podfile.lock\" \"${PODS_ROOT}/Manifest.lock\" > /dev/null\nif [ $? != 0 ] ; then\n    # print error to STDERR\n    echo \"error: The sandbox is not in sync with the Podfile.lock. Run 'pod install' or update your CocoaPods installation.\" >&2\n    exit 1\nfi\n# This output is used by Xcode 'outputs' to avoid re-running this script phase.\necho \"SUCCESS\" > \"${SCRIPT_OUTPUT_FILE_0}\"\n";
			showEnvVarsInLog = 0;
		};
		765A729BECBE64B1F9A04B3A /* [CP] Check Pods Manifest.lock */ = {
			isa = PBXShellScriptBuildPhase;
			buildActionMask = 2147483647;
			files = (
			);
			inputFileListPaths = (
			);
			inputPaths = (
				"${PODS_PODFILE_DIR_PATH}/Podfile.lock",
				"${PODS_ROOT}/Manifest.lock",
			);
			name = "[CP] Check Pods Manifest.lock";
			outputFileListPaths = (
			);
			outputPaths = (
				"$(DERIVED_FILE_DIR)/Pods-Klasha Store-checkManifestLockResult.txt",
			);
			runOnlyForDeploymentPostprocessing = 0;
			shellPath = /bin/sh;
			shellScript = "diff \"${PODS_PODFILE_DIR_PATH}/Podfile.lock\" \"${PODS_ROOT}/Manifest.lock\" > /dev/null\nif [ $? != 0 ] ; then\n    # print error to STDERR\n    echo \"error: The sandbox is not in sync with the Podfile.lock. Run 'pod install' or update your CocoaPods installation.\" >&2\n    exit 1\nfi\n# This output is used by Xcode 'outputs' to avoid re-running this script phase.\necho \"SUCCESS\" > \"${SCRIPT_OUTPUT_FILE_0}\"\n";
			showEnvVarsInLog = 0;
		};
		95EBB658EE91B183890E803F /* [CP] Embed Pods Frameworks */ = {
			isa = PBXShellScriptBuildPhase;
			buildActionMask = 2147483647;
			files = (
			);
			inputFileListPaths = (
				"${PODS_ROOT}/Target Support Files/Pods-Klasha Store-Klasha StoreUITests/Pods-Klasha Store-Klasha StoreUITests-frameworks-${CONFIGURATION}-input-files.xcfilelist",
			);
			name = "[CP] Embed Pods Frameworks";
			outputFileListPaths = (
				"${PODS_ROOT}/Target Support Files/Pods-Klasha Store-Klasha StoreUITests/Pods-Klasha Store-Klasha StoreUITests-frameworks-${CONFIGURATION}-output-files.xcfilelist",
			);
			runOnlyForDeploymentPostprocessing = 0;
			shellPath = /bin/sh;
			shellScript = "\"${PODS_ROOT}/Target Support Files/Pods-Klasha Store-Klasha StoreUITests/Pods-Klasha Store-Klasha StoreUITests-frameworks.sh\"\n";
			showEnvVarsInLog = 0;
		};
		B4B78CCB27DE08940040877E /* RSwift + Runscript */ = {
			isa = PBXShellScriptBuildPhase;
			alwaysOutOfDate = 1;
			buildActionMask = 2147483647;
			files = (
			);
			inputFileListPaths = (
			);
			inputPaths = (
			);
			name = "RSwift + Runscript";
			outputFileListPaths = (
			);
			outputPaths = (
				"$SRCROOT/R.generated.swift",
			);
			runOnlyForDeploymentPostprocessing = 0;
			shellPath = /bin/sh;
			shellScript = "# Type a script or drag a script file from your workspace to insert its path.\n\n\"$PODS_ROOT/R.swift/rswift\" generate \"$SRCROOT/R.generated.swift\"\n";
		};
/* End PBXShellScriptBuildPhase section */

/* Begin PBXSourcesBuildPhase section */
		B4DB424827DBDEDA007453DA /* Sources */ = {
			isa = PBXSourcesBuildPhase;
			buildActionMask = 2147483647;
			files = (
				B4B78CC727DE073C0040877E /* PaymentOptionsViewController.swift in Sources */,
				B4B78CD527DE0EEF0040877E /* UIViewController+Extension.swift in Sources */,
				B494EECC27DE4FCC00BC35AB /* Config.swift in Sources */,
				B4B78CD727DE0F2A0040877E /* Code+Extension.swift in Sources */,
				B4DB425427DBDEDA007453DA /* HomeViewController.swift in Sources */,
				B4B78CD127DE0E3A0040877E /* AppCoordinator.swift in Sources */,
				B4DB425027DBDEDA007453DA /* AppDelegate.swift in Sources */,
				B4B78CCD27DE09400040877E /* R.generated.swift in Sources */,
				B4B78CC527DE072A0040877E /* ItemDetailsViewController.swift in Sources */,
				B4B78CDB27DE111B0040877E /* UIView+Extension.swift in Sources */,
				B4DB425227DBDEDA007453DA /* SceneDelegate.swift in Sources */,
				B4B78CC927DE07790040877E /* SuccessErrorViewController.swift in Sources */,
				B4B78CD927DE106E0040877E /* AppConstants.swift in Sources */,
				B4B78CCF27DE0DE90040877E /* Storyboardable.swift in Sources */,
			);
			runOnlyForDeploymentPostprocessing = 0;
		};
		B4DB425E27DBDEDF007453DA /* Sources */ = {
			isa = PBXSourcesBuildPhase;
			buildActionMask = 2147483647;
			files = (
				B4DB426727DBDEDF007453DA /* Klasha_StoreTests.swift in Sources */,
			);
			runOnlyForDeploymentPostprocessing = 0;
		};
		B4DB426827DBDEDF007453DA /* Sources */ = {
			isa = PBXSourcesBuildPhase;
			buildActionMask = 2147483647;
			files = (
				B4DB427327DBDEDF007453DA /* Klasha_StoreUITestsLaunchTests.swift in Sources */,
				B4DB427127DBDEDF007453DA /* Klasha_StoreUITests.swift in Sources */,
			);
			runOnlyForDeploymentPostprocessing = 0;
		};
/* End PBXSourcesBuildPhase section */

/* Begin PBXTargetDependency section */
		B4DB426427DBDEDF007453DA /* PBXTargetDependency */ = {
			isa = PBXTargetDependency;
			target = B4DB424B27DBDEDA007453DA /* Klasha Store */;
			targetProxy = B4DB426327DBDEDF007453DA /* PBXContainerItemProxy */;
		};
		B4DB426E27DBDEDF007453DA /* PBXTargetDependency */ = {
			isa = PBXTargetDependency;
			target = B4DB424B27DBDEDA007453DA /* Klasha Store */;
			targetProxy = B4DB426D27DBDEDF007453DA /* PBXContainerItemProxy */;
		};
/* End PBXTargetDependency section */

/* Begin PBXVariantGroup section */
		B4DB425527DBDEDA007453DA /* Main.storyboard */ = {
			isa = PBXVariantGroup;
			children = (
				B4DB425627DBDEDA007453DA /* Base */,
			);
			name = Main.storyboard;
			sourceTree = "<group>";
		};
		B4DB425A27DBDEDE007453DA /* LaunchScreen.storyboard */ = {
			isa = PBXVariantGroup;
			children = (
				B4DB425B27DBDEDE007453DA /* Base */,
			);
			name = LaunchScreen.storyboard;
			sourceTree = "<group>";
		};
/* End PBXVariantGroup section */

/* Begin XCBuildConfiguration section */
		B4DB427427DBDEDF007453DA /* Dev */ = {
			isa = XCBuildConfiguration;
			baseConfigurationReference = B494EEC927DE4E6600BC35AB /* DEV.xcconfig */;
			buildSettings = {
				ALWAYS_SEARCH_USER_PATHS = NO;
				CLANG_ANALYZER_NONNULL = YES;
				CLANG_ANALYZER_NUMBER_OBJECT_CONVERSION = YES_AGGRESSIVE;
				CLANG_CXX_LANGUAGE_STANDARD = "gnu++17";
				CLANG_CXX_LIBRARY = "libc++";
				CLANG_ENABLE_MODULES = YES;
				CLANG_ENABLE_OBJC_ARC = YES;
				CLANG_ENABLE_OBJC_WEAK = YES;
				CLANG_WARN_BLOCK_CAPTURE_AUTORELEASING = YES;
				CLANG_WARN_BOOL_CONVERSION = YES;
				CLANG_WARN_COMMA = YES;
				CLANG_WARN_CONSTANT_CONVERSION = YES;
				CLANG_WARN_DEPRECATED_OBJC_IMPLEMENTATIONS = YES;
				CLANG_WARN_DIRECT_OBJC_ISA_USAGE = YES_ERROR;
				CLANG_WARN_DOCUMENTATION_COMMENTS = YES;
				CLANG_WARN_EMPTY_BODY = YES;
				CLANG_WARN_ENUM_CONVERSION = YES;
				CLANG_WARN_INFINITE_RECURSION = YES;
				CLANG_WARN_INT_CONVERSION = YES;
				CLANG_WARN_NON_LITERAL_NULL_CONVERSION = YES;
				CLANG_WARN_OBJC_IMPLICIT_RETAIN_SELF = YES;
				CLANG_WARN_OBJC_LITERAL_CONVERSION = YES;
				CLANG_WARN_OBJC_ROOT_CLASS = YES_ERROR;
				CLANG_WARN_QUOTED_INCLUDE_IN_FRAMEWORK_HEADER = YES;
				CLANG_WARN_RANGE_LOOP_ANALYSIS = YES;
				CLANG_WARN_STRICT_PROTOTYPES = YES;
				CLANG_WARN_SUSPICIOUS_MOVE = YES;
				CLANG_WARN_UNGUARDED_AVAILABILITY = YES_AGGRESSIVE;
				CLANG_WARN_UNREACHABLE_CODE = YES;
				CLANG_WARN__DUPLICATE_METHOD_MATCH = YES;
				COPY_PHASE_STRIP = NO;
				DEBUG_INFORMATION_FORMAT = dwarf;
				ENABLE_STRICT_OBJC_MSGSEND = YES;
				ENABLE_TESTABILITY = YES;
				GCC_C_LANGUAGE_STANDARD = gnu11;
				GCC_DYNAMIC_NO_PIC = NO;
				GCC_NO_COMMON_BLOCKS = YES;
				GCC_OPTIMIZATION_LEVEL = 0;
				GCC_PREPROCESSOR_DEFINITIONS = (
					"DEBUG=1",
					"$(inherited)",
				);
				GCC_WARN_64_TO_32_BIT_CONVERSION = YES;
				GCC_WARN_ABOUT_RETURN_TYPE = YES_ERROR;
				GCC_WARN_UNDECLARED_SELECTOR = YES;
				GCC_WARN_UNINITIALIZED_AUTOS = YES_AGGRESSIVE;
				GCC_WARN_UNUSED_FUNCTION = YES;
				GCC_WARN_UNUSED_VARIABLE = YES;
				IPHONEOS_DEPLOYMENT_TARGET = 13.0;
				MTL_ENABLE_DEBUG_INFO = INCLUDE_SOURCE;
				MTL_FAST_MATH = YES;
				ONLY_ACTIVE_ARCH = YES;
				SDKROOT = iphoneos;
				SWIFT_ACTIVE_COMPILATION_CONDITIONS = DEBUG;
				SWIFT_OPTIMIZATION_LEVEL = "-Onone";
			};
			name = Dev;
		};
		B4DB427527DBDEDF007453DA /* Release */ = {
			isa = XCBuildConfiguration;
			buildSettings = {
				ALWAYS_SEARCH_USER_PATHS = NO;
				CLANG_ANALYZER_NONNULL = YES;
				CLANG_ANALYZER_NUMBER_OBJECT_CONVERSION = YES_AGGRESSIVE;
				CLANG_CXX_LANGUAGE_STANDARD = "gnu++17";
				CLANG_CXX_LIBRARY = "libc++";
				CLANG_ENABLE_MODULES = YES;
				CLANG_ENABLE_OBJC_ARC = YES;
				CLANG_ENABLE_OBJC_WEAK = YES;
				CLANG_WARN_BLOCK_CAPTURE_AUTORELEASING = YES;
				CLANG_WARN_BOOL_CONVERSION = YES;
				CLANG_WARN_COMMA = YES;
				CLANG_WARN_CONSTANT_CONVERSION = YES;
				CLANG_WARN_DEPRECATED_OBJC_IMPLEMENTATIONS = YES;
				CLANG_WARN_DIRECT_OBJC_ISA_USAGE = YES_ERROR;
				CLANG_WARN_DOCUMENTATION_COMMENTS = YES;
				CLANG_WARN_EMPTY_BODY = YES;
				CLANG_WARN_ENUM_CONVERSION = YES;
				CLANG_WARN_INFINITE_RECURSION = YES;
				CLANG_WARN_INT_CONVERSION = YES;
				CLANG_WARN_NON_LITERAL_NULL_CONVERSION = YES;
				CLANG_WARN_OBJC_IMPLICIT_RETAIN_SELF = YES;
				CLANG_WARN_OBJC_LITERAL_CONVERSION = YES;
				CLANG_WARN_OBJC_ROOT_CLASS = YES_ERROR;
				CLANG_WARN_QUOTED_INCLUDE_IN_FRAMEWORK_HEADER = YES;
				CLANG_WARN_RANGE_LOOP_ANALYSIS = YES;
				CLANG_WARN_STRICT_PROTOTYPES = YES;
				CLANG_WARN_SUSPICIOUS_MOVE = YES;
				CLANG_WARN_UNGUARDED_AVAILABILITY = YES_AGGRESSIVE;
				CLANG_WARN_UNREACHABLE_CODE = YES;
				CLANG_WARN__DUPLICATE_METHOD_MATCH = YES;
				COPY_PHASE_STRIP = NO;
				DEBUG_INFORMATION_FORMAT = "dwarf-with-dsym";
				ENABLE_NS_ASSERTIONS = NO;
				ENABLE_STRICT_OBJC_MSGSEND = YES;
				GCC_C_LANGUAGE_STANDARD = gnu11;
				GCC_NO_COMMON_BLOCKS = YES;
				GCC_WARN_64_TO_32_BIT_CONVERSION = YES;
				GCC_WARN_ABOUT_RETURN_TYPE = YES_ERROR;
				GCC_WARN_UNDECLARED_SELECTOR = YES;
				GCC_WARN_UNINITIALIZED_AUTOS = YES_AGGRESSIVE;
				GCC_WARN_UNUSED_FUNCTION = YES;
				GCC_WARN_UNUSED_VARIABLE = YES;
				IPHONEOS_DEPLOYMENT_TARGET = 13.0;
				MTL_ENABLE_DEBUG_INFO = NO;
				MTL_FAST_MATH = YES;
				SDKROOT = iphoneos;
				SWIFT_COMPILATION_MODE = wholemodule;
				SWIFT_OPTIMIZATION_LEVEL = "-O";
				VALIDATE_PRODUCT = YES;
			};
			name = Release;
		};
		B4DB427727DBDEDF007453DA /* Dev */ = {
			isa = XCBuildConfiguration;
			baseConfigurationReference = 0AB22826C8471391C2A989A3 /* Pods-Klasha Store.dev.xcconfig */;
			buildSettings = {
				ASSETCATALOG_COMPILER_APPICON_NAME = AppIcon;
				ASSETCATALOG_COMPILER_GLOBAL_ACCENT_COLOR_NAME = AccentColor;
				CODE_SIGN_STYLE = Automatic;
				CURRENT_PROJECT_VERSION = 1;
				DEVELOPMENT_TEAM = 8VVW6QSAS9;
				GENERATE_INFOPLIST_FILE = YES;
				INFOPLIST_FILE = "Klasha Store/Resources/Info.plist";
				INFOPLIST_KEY_UIApplicationSupportsIndirectInputEvents = YES;
				INFOPLIST_KEY_UILaunchStoryboardName = LaunchScreen;
				INFOPLIST_KEY_UISupportedInterfaceOrientations_iPad = "UIInterfaceOrientationPortrait UIInterfaceOrientationPortraitUpsideDown UIInterfaceOrientationLandscapeLeft UIInterfaceOrientationLandscapeRight";
				INFOPLIST_KEY_UISupportedInterfaceOrientations_iPhone = "UIInterfaceOrientationPortrait UIInterfaceOrientationLandscapeLeft UIInterfaceOrientationLandscapeRight";
				LD_RUNPATH_SEARCH_PATHS = (
					"$(inherited)",
					"@executable_path/Frameworks",
				);
				MARKETING_VERSION = 1.0;
				PRODUCT_BUNDLE_IDENTIFIER = "com.omokagbo.Klasha-Store";
				PRODUCT_NAME = "$(TARGET_NAME)";
				SWIFT_EMIT_LOC_STRINGS = YES;
				SWIFT_VERSION = 5.0;
				TARGETED_DEVICE_FAMILY = "1,2";
			};
			name = Dev;
		};
		B4DB427827DBDEDF007453DA /* Release */ = {
			isa = XCBuildConfiguration;
			baseConfigurationReference = D7F825E67C1617B2DE9E4DD1 /* Pods-Klasha Store.release.xcconfig */;
			buildSettings = {
				ASSETCATALOG_COMPILER_APPICON_NAME = AppIcon;
				ASSETCATALOG_COMPILER_GLOBAL_ACCENT_COLOR_NAME = AccentColor;
				CODE_SIGN_STYLE = Automatic;
				CURRENT_PROJECT_VERSION = 1;
				DEVELOPMENT_TEAM = 8VVW6QSAS9;
				GENERATE_INFOPLIST_FILE = YES;
				INFOPLIST_FILE = "Klasha Store/Resources/Info.plist";
				INFOPLIST_KEY_UIApplicationSupportsIndirectInputEvents = YES;
				INFOPLIST_KEY_UILaunchStoryboardName = LaunchScreen;
				INFOPLIST_KEY_UISupportedInterfaceOrientations_iPad = "UIInterfaceOrientationPortrait UIInterfaceOrientationPortraitUpsideDown UIInterfaceOrientationLandscapeLeft UIInterfaceOrientationLandscapeRight";
				INFOPLIST_KEY_UISupportedInterfaceOrientations_iPhone = "UIInterfaceOrientationPortrait UIInterfaceOrientationLandscapeLeft UIInterfaceOrientationLandscapeRight";
				LD_RUNPATH_SEARCH_PATHS = (
					"$(inherited)",
					"@executable_path/Frameworks",
				);
				MARKETING_VERSION = 1.0;
				PRODUCT_BUNDLE_IDENTIFIER = "com.omokagbo.Klasha-Store";
				PRODUCT_NAME = "$(TARGET_NAME)";
				SWIFT_EMIT_LOC_STRINGS = YES;
				SWIFT_VERSION = 5.0;
				TARGETED_DEVICE_FAMILY = "1,2";
			};
			name = Release;
		};
		B4DB427A27DBDEDF007453DA /* Dev */ = {
			isa = XCBuildConfiguration;
			baseConfigurationReference = 7BBD0922BABBF66D07C8018C /* Pods-Klasha StoreTests.dev.xcconfig */;
			buildSettings = {
				ALWAYS_EMBED_SWIFT_STANDARD_LIBRARIES = YES;
				BUNDLE_LOADER = "$(TEST_HOST)";
				CODE_SIGN_STYLE = Automatic;
				CURRENT_PROJECT_VERSION = 1;
				DEVELOPMENT_TEAM = 8VVW6QSAS9;
				GENERATE_INFOPLIST_FILE = YES;
				IPHONEOS_DEPLOYMENT_TARGET = 15.2;
				MARKETING_VERSION = 1.0;
				PRODUCT_BUNDLE_IDENTIFIER = "com.omokagbo.Klasha-StoreTests";
				PRODUCT_NAME = "$(TARGET_NAME)";
				SWIFT_EMIT_LOC_STRINGS = NO;
				SWIFT_VERSION = 5.0;
				TARGETED_DEVICE_FAMILY = "1,2";
				TEST_HOST = "$(BUILT_PRODUCTS_DIR)/Klasha Store.app/Klasha Store";
			};
			name = Dev;
		};
		B4DB427B27DBDEDF007453DA /* Release */ = {
			isa = XCBuildConfiguration;
			baseConfigurationReference = 8A5BDF2E5842B00A4626B341 /* Pods-Klasha StoreTests.release.xcconfig */;
			buildSettings = {
				ALWAYS_EMBED_SWIFT_STANDARD_LIBRARIES = YES;
				BUNDLE_LOADER = "$(TEST_HOST)";
				CODE_SIGN_STYLE = Automatic;
				CURRENT_PROJECT_VERSION = 1;
				DEVELOPMENT_TEAM = 8VVW6QSAS9;
				GENERATE_INFOPLIST_FILE = YES;
				IPHONEOS_DEPLOYMENT_TARGET = 15.2;
				MARKETING_VERSION = 1.0;
				PRODUCT_BUNDLE_IDENTIFIER = "com.omokagbo.Klasha-StoreTests";
				PRODUCT_NAME = "$(TARGET_NAME)";
				SWIFT_EMIT_LOC_STRINGS = NO;
				SWIFT_VERSION = 5.0;
				TARGETED_DEVICE_FAMILY = "1,2";
				TEST_HOST = "$(BUILT_PRODUCTS_DIR)/Klasha Store.app/Klasha Store";
			};
			name = Release;
		};
		B4DB427D27DBDEDF007453DA /* Dev */ = {
			isa = XCBuildConfiguration;
			baseConfigurationReference = AD49AFD53DF6A4E86264606F /* Pods-Klasha Store-Klasha StoreUITests.dev.xcconfig */;
			buildSettings = {
				ALWAYS_EMBED_SWIFT_STANDARD_LIBRARIES = YES;
				CODE_SIGN_STYLE = Automatic;
				CURRENT_PROJECT_VERSION = 1;
				DEVELOPMENT_TEAM = 8VVW6QSAS9;
				GENERATE_INFOPLIST_FILE = YES;
				MARKETING_VERSION = 1.0;
				PRODUCT_BUNDLE_IDENTIFIER = "com.omokagbo.Klasha-StoreUITests";
				PRODUCT_NAME = "$(TARGET_NAME)";
				SWIFT_EMIT_LOC_STRINGS = NO;
				SWIFT_VERSION = 5.0;
				TARGETED_DEVICE_FAMILY = "1,2";
				TEST_TARGET_NAME = "Klasha Store";
			};
			name = Dev;
		};
		B4DB427E27DBDEDF007453DA /* Release */ = {
			isa = XCBuildConfiguration;
			baseConfigurationReference = 996D24BDA40E3399719076DA /* Pods-Klasha Store-Klasha StoreUITests.release.xcconfig */;
			buildSettings = {
				ALWAYS_EMBED_SWIFT_STANDARD_LIBRARIES = YES;
				CODE_SIGN_STYLE = Automatic;
				CURRENT_PROJECT_VERSION = 1;
				DEVELOPMENT_TEAM = 8VVW6QSAS9;
				GENERATE_INFOPLIST_FILE = YES;
				MARKETING_VERSION = 1.0;
				PRODUCT_BUNDLE_IDENTIFIER = "com.omokagbo.Klasha-StoreUITests";
				PRODUCT_NAME = "$(TARGET_NAME)";
				SWIFT_EMIT_LOC_STRINGS = NO;
				SWIFT_VERSION = 5.0;
				TARGETED_DEVICE_FAMILY = "1,2";
				TEST_TARGET_NAME = "Klasha Store";
			};
			name = Release;
		};
/* End XCBuildConfiguration section */

/* Begin XCConfigurationList section */
		B4DB424727DBDEDA007453DA /* Build configuration list for PBXProject "Klasha Store" */ = {
			isa = XCConfigurationList;
			buildConfigurations = (
				B4DB427427DBDEDF007453DA /* Dev */,
				B4DB427527DBDEDF007453DA /* Release */,
			);
			defaultConfigurationIsVisible = 0;
			defaultConfigurationName = Release;
		};
		B4DB427627DBDEDF007453DA /* Build configuration list for PBXNativeTarget "Klasha Store" */ = {
			isa = XCConfigurationList;
			buildConfigurations = (
				B4DB427727DBDEDF007453DA /* Dev */,
				B4DB427827DBDEDF007453DA /* Release */,
			);
			defaultConfigurationIsVisible = 0;
			defaultConfigurationName = Release;
		};
		B4DB427927DBDEDF007453DA /* Build configuration list for PBXNativeTarget "Klasha StoreTests" */ = {
			isa = XCConfigurationList;
			buildConfigurations = (
				B4DB427A27DBDEDF007453DA /* Dev */,
				B4DB427B27DBDEDF007453DA /* Release */,
			);
			defaultConfigurationIsVisible = 0;
			defaultConfigurationName = Release;
		};
		B4DB427C27DBDEDF007453DA /* Build configuration list for PBXNativeTarget "Klasha StoreUITests" */ = {
			isa = XCConfigurationList;
			buildConfigurations = (
				B4DB427D27DBDEDF007453DA /* Dev */,
				B4DB427E27DBDEDF007453DA /* Release */,
			);
			defaultConfigurationIsVisible = 0;
			defaultConfigurationName = Release;
		};
/* End XCConfigurationList section */
	};
	rootObject = B4DB424427DBDEDA007453DA /* Project object */;
}
